
Microsoft Visual Studio Solution File, Format Version 12.00
# Visual Studio Version 17
VisualStudioVersion = 17.12.35521.163
MinimumVisualStudioVersion = 10.0.40219.1
Project("{FAE04EC0-301F-11D3-BF4B-00C04F79EFBC}") = "APIServiceA", "APIServiceA\APIServiceA.csproj", "{137DC2DD-234D-47F2-8BD1-1DE97485386F}"
EndProject
Project("{FAE04EC0-301F-11D3-BF4B-00C04F79EFBC}") = "APIServiceB", "APIServiceB\APIServiceB.csproj", "{EB667015-D8FF-4D96-8180-931A5FA9B5D5}"
EndProject
Project("{FAE04EC0-301F-11D3-BF4B-00C04F79EFBC}") = "RabbitMQ", "RabbitMQ\RabbitMQ.csproj", "{FC2D3FD2-06EB-433A-97FB-079A4552A7B0}"
EndProject
Global
	GlobalSection(SolutionConfigurationPlatforms) = preSolution
		Debug|Any CPU = Debug|Any CPU
		Release|Any CPU = Release|Any CPU
	EndGlobalSection
	GlobalSection(ProjectConfigurationPlatforms) = postSolution
		{137DC2DD-234D-47F2-8BD1-1DE97485386F}.Debug|Any CPU.ActiveCfg = Debug|Any CPU
		{137DC2DD-234D-47F2-8BD1-1DE97485386F}.Debug|Any CPU.Build.0 = Debug|Any CPU
		{137DC2DD-234D-47F2-8BD1-1DE97485386F}.Release|Any CPU.ActiveCfg = Release|Any CPU
		{137DC2DD-234D-47F2-8BD1-1DE97485386F}.Release|Any CPU.Build.0 = Release|Any CPU
		{EB667015-D8FF-4D96-8180-931A5FA9B5D5}.Debug|Any CPU.ActiveCfg = Debug|Any CPU
		{EB667015-D8FF-4D96-8180-931A5FA9B5D5}.Debug|Any CPU.Build.0 = Debug|Any CPU
		{EB667015-D8FF-4D96-8180-931A5FA9B5D5}.Release|Any CPU.ActiveCfg = Release|Any CPU
		{EB667015-D8FF-4D96-8180-931A5FA9B5D5}.Release|Any CPU.Build.0 = Release|Any CPU
		{FC2D3FD2-06EB-433A-97FB-079A4552A7B0}.Debug|Any CPU.ActiveCfg = Debug|Any CPU
		{FC2D3FD2-06EB-433A-97FB-079A4552A7B0}.Debug|Any CPU.Build.0 = Debug|Any CPU
		{FC2D3FD2-06EB-433A-97FB-079A4552A7B0}.Release|Any CPU.ActiveCfg = Release|Any CPU
		{FC2D3FD2-06EB-433A-97FB-079A4552A7B0}.Release|Any CPU.Build.0 = Release|Any CPU
	EndGlobalSection
	GlobalSection(SolutionProperties) = preSolution
		HideSolutionNode = FALSE
	EndGlobalSection
EndGlobal
